
Microsoft Visual Studio Solution File, Format Version 12.00
# Visual Studio Version 16
VisualStudioVersion = 25.0.1704.0
MinimumVisualStudioVersion = 10.0.40219.1
Project("{FAE04EC0-301F-11D3-BF4B-00C04F79EFBC}") = "StringLibrary", "StringLibrary\StringLibrary.csproj", "{9F84E0E2-025E-4D93-9B7C-ADCC90D3C140}"
EndProject
Project("{FAE04EC0-301F-11D3-BF4B-00C04F79EFBC}") = "ShowCase", "ShowCase\ShowCase.csproj", "{EF220998-5419-4B5B-AF8F-561EFE0460CC}"
EndProject
Global
	GlobalSection(SolutionConfigurationPlatforms) = preSolution
		Debug|Any CPU = Debug|Any CPU
		Release|Any CPU = Release|Any CPU
	EndGlobalSection
	GlobalSection(ProjectConfigurationPlatforms) = postSolution
		{9F84E0E2-025E-4D93-9B7C-ADCC90D3C140}.Debug|Any CPU.ActiveCfg = Debug|Any CPU
		{9F84E0E2-025E-4D93-9B7C-ADCC90D3C140}.Debug|Any CPU.Build.0 = Debug|Any CPU
		{9F84E0E2-025E-4D93-9B7C-ADCC90D3C140}.Release|Any CPU.ActiveCfg = Release|Any CPU
		{9F84E0E2-025E-4D93-9B7C-ADCC90D3C140}.Release|Any CPU.Build.0 = Release|Any CPU
		{EF220998-5419-4B5B-AF8F-561EFE0460CC}.Debug|Any CPU.ActiveCfg = Debug|Any CPU
		{EF220998-5419-4B5B-AF8F-561EFE0460CC}.Debug|Any CPU.Build.0 = Debug|Any CPU
		{EF220998-5419-4B5B-AF8F-561EFE0460CC}.Release|Any CPU.ActiveCfg = Release|Any CPU
		{EF220998-5419-4B5B-AF8F-561EFE0460CC}.Release|Any CPU.Build.0 = Release|Any CPU
	EndGlobalSection
	GlobalSection(SolutionProperties) = preSolution
		HideSolutionNode = FALSE
	EndGlobalSection
	GlobalSection(ExtensibilityGlobals) = postSolution
		SolutionGuid = {BBA1E663-E840-49AD-8EE4-710A8AEA3AE4}
	EndGlobalSection
EndGlobal
